{
  "name": "cloudflare-email",
  "version": "0.0.0",
  "lockfileVersion": 3,
  "requires": true,
  "packages": {
    "": {
      "name": "cloudflare-email",
      "version": "0.0.0",
      "dependencies": {
        "itty-router": "^4.0.22",
        "zod-validation-error": "^1.5.0"
      }
    },
    "node_modules/itty-router": {
      "version": "4.0.22",
      "resolved": "https://registry.npmjs.org/itty-router/-/itty-router-4.0.22.tgz",
      "integrity": "sha512-FWK13vcITqld32NaOh+k2unRrR4qBZdzA9O1ctpqT1Q4lxKrHbtgaX1lLTv2VyXj3/8Waqk/NlDGNfxypJ8GKA=="
    },
    "node_modules/zod": {
      "version": "3.22.2",
      "resolved": "https://registry.npmjs.org/zod/-/zod-3.22.2.tgz",
      "integrity": "sha512-wvWkphh5WQsJbVk1tbx1l1Ly4yg+XecD+Mq280uBGt9wa5BKSWf4Mhp6GmrkPixhMxmabYY7RbzlwVP32pbGCg==",
      "peer": true,
      "funding": {
        "url": "https://github.com/sponsors/colinhacks"
      }
    },
    "node_modules/zod-validation-error": {
      "version": "1.5.0",
      "resolved": "https://registry.npmjs.org/zod-validation-error/-/zod-validation-error-1.5.0.tgz",
      "integrity": "sha512-/7eFkAI4qV0tcxMBB/3+d2c1P6jzzZYdYSlBuAklzMuCrJu5bzJfHS0yVAS87dRHVlhftd6RFJDIvv03JgkSbw==",
      "engines": {
        "node": ">=16.0.0"
      },
      "peerDependencies": {
        "zod": "^3.18.0"
      }
    }
  }
}
